// !$*UTF8*$!
{
	archiveVersion = 1;
	classes = {
	};
	objectVersion = 46;
	objects = {

/* Begin PBXBuildFile section */
		1E95212219B8826500DCC1E7 /* Foundation.framework in Frameworks */ = {isa = PBXBuildFile; fileRef = 1E95212119B8826500DCC1E7 /* Foundation.framework */; };
		1E95212419B8826500DCC1E7 /* CoreGraphics.framework in Frameworks */ = {isa = PBXBuildFile; fileRef = 1E95212319B8826500DCC1E7 /* CoreGraphics.framework */; };
		1E95212619B8826500DCC1E7 /* UIKit.framework in Frameworks */ = {isa = PBXBuildFile; fileRef = 1E95212519B8826500DCC1E7 /* UIKit.framework */; };
		1E95212C19B8826500DCC1E7 /* InfoPlist.strings in Resources */ = {isa = PBXBuildFile; fileRef = 1E95212A19B8826500DCC1E7 /* InfoPlist.strings */; };
		1E95212E19B8826500DCC1E7 /* main.m in Sources */ = {isa = PBXBuildFile; fileRef = 1E95212D19B8826500DCC1E7 /* main.m */; };
		1E95213219B8826500DCC1E7 /* AppDelegate.m in Sources */ = {isa = PBXBuildFile; fileRef = 1E95213119B8826500DCC1E7 /* AppDelegate.m */; };
		1E95213519B8826500DCC1E7 /* Main_iPhone.storyboard in Resources */ = {isa = PBXBuildFile; fileRef = 1E95213319B8826500DCC1E7 /* Main_iPhone.storyboard */; };
		1E95213819B8826500DCC1E7 /* Main_iPad.storyboard in Resources */ = {isa = PBXBuildFile; fileRef = 1E95213619B8826500DCC1E7 /* Main_iPad.storyboard */; };
		1E95213B19B8826500DCC1E7 /* ViewController.m in Sources */ = {isa = PBXBuildFile; fileRef = 1E95213A19B8826500DCC1E7 /* ViewController.m */; };
		1E95213D19B8826500DCC1E7 /* Images.xcassets in Resources */ = {isa = PBXBuildFile; fileRef = 1E95213C19B8826500DCC1E7 /* Images.xcassets */; };
		1E95214419B8826500DCC1E7 /* XCTest.framework in Frameworks */ = {isa = PBXBuildFile; fileRef = 1E95214319B8826500DCC1E7 /* XCTest.framework */; };
		1E95214519B8826500DCC1E7 /* Foundation.framework in Frameworks */ = {isa = PBXBuildFile; fileRef = 1E95212119B8826500DCC1E7 /* Foundation.framework */; };
		1E95214619B8826500DCC1E7 /* UIKit.framework in Frameworks */ = {isa = PBXBuildFile; fileRef = 1E95212519B8826500DCC1E7 /* UIKit.framework */; };
		1E95214E19B8826500DCC1E7 /* InfoPlist.strings in Resources */ = {isa = PBXBuildFile; fileRef = 1E95214C19B8826500DCC1E7 /* InfoPlist.strings */; };
		1E95215019B8826500DCC1E7 /* Top_RegionsTests.m in Sources */ = {isa = PBXBuildFile; fileRef = 1E95214F19B8826500DCC1E7 /* Top_RegionsTests.m */; };
/* End PBXBuildFile section */

/* Begin PBXContainerItemProxy section */
		1E95214719B8826500DCC1E7 /* PBXContainerItemProxy */ = {
			isa = PBXContainerItemProxy;
			containerPortal = 1E95211619B8826500DCC1E7 /* Project object */;
			proxyType = 1;
			remoteGlobalIDString = 1E95211D19B8826500DCC1E7;
			remoteInfo = "Top Regions";
		};
/* End PBXContainerItemProxy section */

/* Begin PBXFileReference section */
		1E95211E19B8826500DCC1E7 /* Top Regions.app */ = {isa = PBXFileReference; explicitFileType = wrapper.application; includeInIndex = 0; path = "Top Regions.app"; sourceTree = BUILT_PRODUCTS_DIR; };
		1E95212119B8826500DCC1E7 /* Foundation.framework */ = {isa = PBXFileReference; lastKnownFileType = wrapper.framework; name = Foundation.framework; path = System/Library/Frameworks/Foundation.framework; sourceTree = SDKROOT; };
		1E95212319B8826500DCC1E7 /* CoreGraphics.framework */ = {isa = PBXFileReference; lastKnownFileType = wrapper.framework; name = CoreGraphics.framework; path = System/Library/Frameworks/CoreGraphics.framework; sourceTree = SDKROOT; };
		1E95212519B8826500DCC1E7 /* UIKit.framework */ = {isa = PBXFileReference; lastKnownFileType = wrapper.framework; name = UIKit.framework; path = System/Library/Frameworks/UIKit.framework; sourceTree = SDKROOT; };
		1E95212919B8826500DCC1E7 /* Top Regions-Info.plist */ = {isa = PBXFileReference; lastKnownFileType = text.plist.xml; path = "Top Regions-Info.plist"; sourceTree = "<group>"; };
		1E95212B19B8826500DCC1E7 /* en */ = {isa = PBXFileReference; lastKnownFileType = text.plist.strings; name = en; path = en.lproj/InfoPlist.strings; sourceTree = "<group>"; };
		1E95212D19B8826500DCC1E7 /* main.m */ = {isa = PBXFileReference; lastKnownFileType = sourcecode.c.objc; path = main.m; sourceTree = "<group>"; };
		1E95212F19B8826500DCC1E7 /* Top Regions-Prefix.pch */ = {isa = PBXFileReference; lastKnownFileType = sourcecode.c.h; path = "Top Regions-Prefix.pch"; sourceTree = "<group>"; };
		1E95213019B8826500DCC1E7 /* AppDelegate.h */ = {isa = PBXFileReference; lastKnownFileType = sourcecode.c.h; path = AppDelegate.h; sourceTree = "<group>"; };
		1E95213119B8826500DCC1E7 /* AppDelegate.m */ = {isa = PBXFileReference; lastKnownFileType = sourcecode.c.objc; path = AppDelegate.m; sourceTree = "<group>"; };
		1E95213419B8826500DCC1E7 /* Base */ = {isa = PBXFileReference; lastKnownFileType = file.storyboard; name = Base; path = Base.lproj/Main_iPhone.storyboard; sourceTree = "<group>"; };
		1E95213719B8826500DCC1E7 /* Base */ = {isa = PBXFileReference; lastKnownFileType = file.storyboard; name = Base; path = Base.lproj/Main_iPad.storyboard; sourceTree = "<group>"; };
		1E95213919B8826500DCC1E7 /* ViewController.h */ = {isa = PBXFileReference; lastKnownFileType = sourcecode.c.h; path = ViewController.h; sourceTree = "<group>"; };
		1E95213A19B8826500DCC1E7 /* ViewController.m */ = {isa = PBXFileReference; lastKnownFileType = sourcecode.c.objc; path = ViewController.m; sourceTree = "<group>"; };
		1E95213C19B8826500DCC1E7 /* Images.xcassets */ = {isa = PBXFileReference; lastKnownFileType = folder.assetcatalog; path = Images.xcassets; sourceTree = "<group>"; };
		1E95214219B8826500DCC1E7 /* Top RegionsTests.xctest */ = {isa = PBXFileReference; explicitFileType = wrapper.cfbundle; includeInIndex = 0; path = "Top RegionsTests.xctest"; sourceTree = BUILT_PRODUCTS_DIR; };
		1E95214319B8826500DCC1E7 /* XCTest.framework */ = {isa = PBXFileReference; lastKnownFileType = wrapper.framework; name = XCTest.framework; path = Library/Frameworks/XCTest.framework; sourceTree = DEVELOPER_DIR; };
		1E95214B19B8826500DCC1E7 /* Top RegionsTests-Info.plist */ = {isa = PBXFileReference; lastKnownFileType = text.plist.xml; path = "Top RegionsTests-Info.plist"; sourceTree = "<group>"; };
		1E95214D19B8826500DCC1E7 /* en */ = {isa = PBXFileReference; lastKnownFileType = text.plist.strings; name = en; path = en.lproj/InfoPlist.strings; sourceTree = "<group>"; };
		1E95214F19B8826500DCC1E7 /* Top_RegionsTests.m */ = {isa = PBXFileReference; lastKnownFileType = sourcecode.c.objc; path = Top_RegionsTests.m; sourceTree = "<group>"; };
/* End PBXFileReference section */

/* Begin PBXFrameworksBuildPhase section */
		1E95211B19B8826500DCC1E7 /* Frameworks */ = {
			isa = PBXFrameworksBuildPhase;
			buildActionMask = 2147483647;
			files = (
				1E95212419B8826500DCC1E7 /* CoreGraphics.framework in Frameworks */,
				1E95212619B8826500DCC1E7 /* UIKit.framework in Frameworks */,
				1E95212219B8826500DCC1E7 /* Foundation.framework in Frameworks */,
			);
			runOnlyForDeploymentPostprocessing = 0;
		};
		1E95213F19B8826500DCC1E7 /* Frameworks */ = {
			isa = PBXFrameworksBuildPhase;
			buildActionMask = 2147483647;
			files = (
				1E95214419B8826500DCC1E7 /* XCTest.framework in Frameworks */,
				1E95214619B8826500DCC1E7 /* UIKit.framework in Frameworks */,
				1E95214519B8826500DCC1E7 /* Foundation.framework in Frameworks */,
			);
			runOnlyForDeploymentPostprocessing = 0;
		};
/* End PBXFrameworksBuildPhase section */

/* Begin PBXGroup section */
		1E95211519B8826500DCC1E7 = {
			isa = PBXGroup;
			children = (
				1E95212719B8826500DCC1E7 /* Top Regions */,
				1E95214919B8826500DCC1E7 /* Top RegionsTests */,
				1E95212019B8826500DCC1E7 /* Frameworks */,
				1E95211F19B8826500DCC1E7 /* Products */,
			);
			sourceTree = "<group>";
		};
		1E95211F19B8826500DCC1E7 /* Products */ = {
			isa = PBXGroup;
			children = (
				1E95211E19B8826500DCC1E7 /* Top Regions.app */,
				1E95214219B8826500DCC1E7 /* Top RegionsTests.xctest */,
			);
			name = Products;
			sourceTree = "<group>";
		};
		1E95212019B8826500DCC1E7 /* Frameworks */ = {
			isa = PBXGroup;
			children = (
				1E95212119B8826500DCC1E7 /* Foundation.framework */,
				1E95212319B8826500DCC1E7 /* CoreGraphics.framework */,
				1E95212519B8826500DCC1E7 /* UIKit.framework */,
				1E95214319B8826500DCC1E7 /* XCTest.framework */,
			);
			name = Frameworks;
			sourceTree = "<group>";
		};
		1E95212719B8826500DCC1E7 /* Top Regions */ = {
			isa = PBXGroup;
			children = (
				1E95213019B8826500DCC1E7 /* AppDelegate.h */,
				1E95213119B8826500DCC1E7 /* AppDelegate.m */,
				1E95213319B8826500DCC1E7 /* Main_iPhone.storyboard */,
				1E95213619B8826500DCC1E7 /* Main_iPad.storyboard */,
				1E95213919B8826500DCC1E7 /* ViewController.h */,
				1E95213A19B8826500DCC1E7 /* ViewController.m */,
				1E95213C19B8826500DCC1E7 /* Images.xcassets */,
				1E95212819B8826500DCC1E7 /* Supporting Files */,
			);
			path = "Top Regions";
			sourceTree = "<group>";
		};
		1E95212819B8826500DCC1E7 /* Supporting Files */ = {
			isa = PBXGroup;
			children = (
				1E95212919B8826500DCC1E7 /* Top Regions-Info.plist */,
				1E95212A19B8826500DCC1E7 /* InfoPlist.strings */,
				1E95212D19B8826500DCC1E7 /* main.m */,
				1E95212F19B8826500DCC1E7 /* Top Regions-Prefix.pch */,
			);
			name = "Supporting Files";
			sourceTree = "<group>";
		};
		1E95214919B8826500DCC1E7 /* Top RegionsTests */ = {
			isa = PBXGroup;
			children = (
				1E95214F19B8826500DCC1E7 /* Top_RegionsTests.m */,
				1E95214A19B8826500DCC1E7 /* Supporting Files */,
			);
			path = "Top RegionsTests";
			sourceTree = "<group>";
		};
		1E95214A19B8826500DCC1E7 /* Supporting Files */ = {
			isa = PBXGroup;
			children = (
				1E95214B19B8826500DCC1E7 /* Top RegionsTests-Info.plist */,
				1E95214C19B8826500DCC1E7 /* InfoPlist.strings */,
			);
			name = "Supporting Files";
			sourceTree = "<group>";
		};
/* End PBXGroup section */

/* Begin PBXNativeTarget section */
		1E95211D19B8826500DCC1E7 /* Top Regions */ = {
			isa = PBXNativeTarget;
			buildConfigurationList = 1E95215319B8826500DCC1E7 /* Build configuration list for PBXNativeTarget "Top Regions" */;
			buildPhases = (
				1E95211A19B8826500DCC1E7 /* Sources */,
				1E95211B19B8826500DCC1E7 /* Frameworks */,
				1E95211C19B8826500DCC1E7 /* Resources */,
			);
			buildRules = (
			);
			dependencies = (
			);
			name = "Top Regions";
			productName = "Top Regions";
			productReference = 1E95211E19B8826500DCC1E7 /* Top Regions.app */;
			productType = "com.apple.product-type.application";
		};
		1E95214119B8826500DCC1E7 /* Top RegionsTests */ = {
			isa = PBXNativeTarget;
			buildConfigurationList = 1E95215619B8826500DCC1E7 /* Build configuration list for PBXNativeTarget "Top RegionsTests" */;
			buildPhases = (
				1E95213E19B8826500DCC1E7 /* Sources */,
				1E95213F19B8826500DCC1E7 /* Frameworks */,
				1E95214019B8826500DCC1E7 /* Resources */,
			);
			buildRules = (
			);
			dependencies = (
				1E95214819B8826500DCC1E7 /* PBXTargetDependency */,
			);
			name = "Top RegionsTests";
			productName = "Top RegionsTests";
			productReference = 1E95214219B8826500DCC1E7 /* Top RegionsTests.xctest */;
			productType = "com.apple.product-type.bundle.unit-test";
		};
/* End PBXNativeTarget section */

/* Begin PBXProject section */
		1E95211619B8826500DCC1E7 /* Project object */ = {
			isa = PBXProject;
			attributes = {
				LastUpgradeCheck = 0510;
				ORGANIZATIONNAME = "___FULLUSERNAME___";
				TargetAttributes = {
					1E95214119B8826500DCC1E7 = {
						TestTargetID = 1E95211D19B8826500DCC1E7;
					};
				};
			};
			buildConfigurationList = 1E95211919B8826500DCC1E7 /* Build configuration list for PBXProject "Top Regions" */;
			compatibilityVersion = "Xcode 3.2";
			developmentRegion = English;
			hasScannedForEncodings = 0;
			knownRegions = (
				en,
				Base,
			);
			mainGroup = 1E95211519B8826500DCC1E7;
			productRefGroup = 1E95211F19B8826500DCC1E7 /* Products */;
			projectDirPath = "";
			projectRoot = "";
			targets = (
				1E95211D19B8826500DCC1E7 /* Top Regions */,
				1E95214119B8826500DCC1E7 /* Top RegionsTests */,
			);
		};
/* End PBXProject section */

/* Begin PBXResourcesBuildPhase section */
		1E95211C19B8826500DCC1E7 /* Resources */ = {
			isa = PBXResourcesBuildPhase;
			buildActionMask = 2147483647;
			files = (
				1E95213819B8826500DCC1E7 /* Main_iPad.storyboard in Resources */,
				1E95213D19B8826500DCC1E7 /* Images.xcassets in Resources */,
				1E95213519B8826500DCC1E7 /* Main_iPhone.storyboard in Resources */,
				1E95212C19B8826500DCC1E7 /* InfoPlist.strings in Resources */,
			);
			runOnlyForDeploymentPostprocessing = 0;
		};
		1E95214019B8826500DCC1E7 /* Resources */ = {
			isa = PBXResourcesBuildPhase;
			buildActionMask = 2147483647;
			files = (
				1E95214E19B8826500DCC1E7 /* InfoPlist.strings in Resources */,
			);
			runOnlyForDeploymentPostprocessing = 0;
		};
/* End PBXResourcesBuildPhase section */

/* Begin PBXSourcesBuildPhase section */
		1E95211A19B8826500DCC1E7 /* Sources */ = {
			isa = PBXSourcesBuildPhase;
			buildActionMask = 2147483647;
			files = (
				1E95213B19B8826500DCC1E7 /* ViewController.m in Sources */,
				1E95213219B8826500DCC1E7 /* AppDelegate.m in Sources */,
				1E95212E19B8826500DCC1E7 /* main.m in Sources */,
			);
			runOnlyForDeploymentPostprocessing = 0;
		};
		1E95213E19B8826500DCC1E7 /* Sources */ = {
			isa = PBXSourcesBuildPhase;
			buildActionMask = 2147483647;
			files = (
				1E95215019B8826500DCC1E7 /* Top_RegionsTests.m in Sources */,
			);
			runOnlyForDeploymentPostprocessing = 0;
		};
/* End PBXSourcesBuildPhase section */

/* Begin PBXTargetDependency section */
		1E95214819B8826500DCC1E7 /* PBXTargetDependency */ = {
			isa = PBXTargetDependency;
			target = 1E95211D19B8826500DCC1E7 /* Top Regions */;
			targetProxy = 1E95214719B8826500DCC1E7 /* PBXContainerItemProxy */;
		};
/* End PBXTargetDependency section */

/* Begin PBXVariantGroup section */
		1E95212A19B8826500DCC1E7 /* InfoPlist.strings */ = {
			isa = PBXVariantGroup;
			children = (
				1E95212B19B8826500DCC1E7 /* en */,
			);
			name = InfoPlist.strings;
			sourceTree = "<group>";
		};
		1E95213319B8826500DCC1E7 /* Main_iPhone.storyboard */ = {
			isa = PBXVariantGroup;
			children = (
				1E95213419B8826500DCC1E7 /* Base */,
			);
			name = Main_iPhone.storyboard;
			sourceTree = "<group>";
		};
		1E95213619B8826500DCC1E7 /* Main_iPad.storyboard */ = {
			isa = PBXVariantGroup;
			children = (
				1E95213719B8826500DCC1E7 /* Base */,
			);
			name = Main_iPad.storyboard;
			sourceTree = "<group>";
		};
		1E95214C19B8826500DCC1E7 /* InfoPlist.strings */ = {
			isa = PBXVariantGroup;
			children = (
				1E95214D19B8826500DCC1E7 /* en */,
			);
			name = InfoPlist.strings;
			sourceTree = "<group>";
		};
/* End PBXVariantGroup section */

/* Begin XCBuildConfiguration section */
		1E95215119B8826500DCC1E7 /* Debug */ = {
			isa = XCBuildConfiguration;
			buildSettings = {
				ALWAYS_SEARCH_USER_PATHS = NO;
				CLANG_CXX_LANGUAGE_STANDARD = "gnu++0x";
				CLANG_CXX_LIBRARY = "libc++";
				CLANG_ENABLE_MODULES = YES;
				CLANG_ENABLE_OBJC_ARC = YES;
				CLANG_WARN_BOOL_CONVERSION = YES;
				CLANG_WARN_CONSTANT_CONVERSION = YES;
				CLANG_WARN_DIRECT_OBJC_ISA_USAGE = YES_ERROR;
				CLANG_WARN_EMPTY_BODY = YES;
				CLANG_WARN_ENUM_CONVERSION = YES;
				CLANG_WARN_INT_CONVERSION = YES;
				CLANG_WARN_OBJC_ROOT_CLASS = YES_ERROR;
				CLANG_WARN__DUPLICATE_METHOD_MATCH = YES;
				"CODE_SIGN_IDENTITY[sdk=iphoneos*]" = "iPhone Developer";
				COPY_PHASE_STRIP = NO;
				GCC_C_LANGUAGE_STANDARD = gnu99;
				GCC_DYNAMIC_NO_PIC = NO;
				GCC_OPTIMIZATION_LEVEL = 0;
				GCC_PREPROCESSOR_DEFINITIONS = (
					"DEBUG=1",
					"$(inherited)",
				);
				GCC_SYMBOLS_PRIVATE_EXTERN = NO;
				GCC_WARN_64_TO_32_BIT_CONVERSION = YES;
				GCC_WARN_ABOUT_RETURN_TYPE = YES_ERROR;
				GCC_WARN_UNDECLARED_SELECTOR = YES;
				GCC_WARN_UNINITIALIZED_AUTOS = YES_AGGRESSIVE;
				GCC_WARN_UNUSED_FUNCTION = YES;
				GCC_WARN_UNUSED_VARIABLE = YES;
				IPHONEOS_DEPLOYMENT_TARGET = 7.1;
				ONLY_ACTIVE_ARCH = YES;
				SDKROOT = iphoneos;
				TARGETED_DEVICE_FAMILY = "1,2";
			};
			name = Debug;
		};
		1E95215219B8826500DCC1E7 /* Release */ = {
			isa = XCBuildConfiguration;
			buildSettings = {
				ALWAYS_SEARCH_USER_PATHS = NO;
				CLANG_CXX_LANGUAGE_STANDARD = "gnu++0x";
				CLANG_CXX_LIBRARY = "libc++";
				CLANG_ENABLE_MODULES = YES;
				CLANG_ENABLE_OBJC_ARC = YES;
				CLANG_WARN_BOOL_CONVERSION = YES;
				CLANG_WARN_CONSTANT_CONVERSION = YES;
				CLANG_WARN_DIRECT_OBJC_ISA_USAGE = YES_ERROR;
				CLANG_WARN_EMPTY_BODY = YES;
				CLANG_WARN_ENUM_CONVERSION = YES;
				CLANG_WARN_INT_CONVERSION = YES;
				CLANG_WARN_OBJC_ROOT_CLASS = YES_ERROR;
				CLANG_WARN__DUPLICATE_METHOD_MATCH = YES;
				"CODE_SIGN_IDENTITY[sdk=iphoneos*]" = "iPhone Developer";
				COPY_PHASE_STRIP = YES;
				ENABLE_NS_ASSERTIONS = NO;
				GCC_C_LANGUAGE_STANDARD = gnu99;
				GCC_WARN_64_TO_32_BIT_CONVERSION = YES;
				GCC_WARN_ABOUT_RETURN_TYPE = YES_ERROR;
				GCC_WARN_UNDECLARED_SELECTOR = YES;
				GCC_WARN_UNINITIALIZED_AUTOS = YES_AGGRESSIVE;
				GCC_WARN_UNUSED_FUNCTION = YES;
				GCC_WARN_UNUSED_VARIABLE = YES;
				IPHONEOS_DEPLOYMENT_TARGET = 7.1;
				SDKROOT = iphoneos;
				TARGETED_DEVICE_FAMILY = "1,2";
				VALIDATE_PRODUCT = YES;
			};
			name = Release;
		};
		1E95215419B8826500DCC1E7 /* Debug */ = {
			isa = XCBuildConfiguration;
			buildSettings = {
				ASSETCATALOG_COMPILER_APPICON_NAME = AppIcon;
				ASSETCATALOG_COMPILER_LAUNCHIMAGE_NAME = LaunchImage;
				GCC_PRECOMPILE_PREFIX_HEADER = YES;
				GCC_PREFIX_HEADER = "Top Regions/Top Regions-Prefix.pch";
				INFOPLIST_FILE = "Top Regions/Top Regions-Info.plist";
				PRODUCT_NAME = "$(TARGET_NAME)";
				WRAPPER_EXTENSION = app;
			};
			name = Debug;
		};
		1E95215519B8826500DCC1E7 /* Release */ = {
			isa = XCBuildConfiguration;
			buildSettings = {
				ASSETCATALOG_COMPILER_APPICON_NAME = AppIcon;
				ASSETCATALOG_COMPILER_LAUNCHIMAGE_NAME = LaunchImage;
				GCC_PRECOMPILE_PREFIX_HEADER = YES;
				GCC_PREFIX_HEADER = "Top Regions/Top Regions-Prefix.pch";
				INFOPLIST_FILE = "Top Regions/Top Regions-Info.plist";
				PRODUCT_NAME = "$(TARGET_NAME)";
				WRAPPER_EXTENSION = app;
			};
			name = Release;
		};
		1E95215719B8826500DCC1E7 /* Debug */ = {
			isa = XCBuildConfiguration;
			buildSettings = {
				BUNDLE_LOADER = "$(BUILT_PRODUCTS_DIR)/Top Regions.app/Top Regions";
				FRAMEWORK_SEARCH_PATHS = (
					"$(SDKROOT)/Developer/Library/Frameworks",
					"$(inherited)",
					"$(DEVELOPER_FRAMEWORKS_DIR)",
				);
				GCC_PRECOMPILE_PREFIX_HEADER = YES;
				GCC_PREFIX_HEADER = "Top Regions/Top Regions-Prefix.pch";
				GCC_PREPROCESSOR_DEFINITIONS = (
					"DEBUG=1",
					"$(inherited)",
				);
				INFOPLIST_FILE = "Top RegionsTests/Top RegionsTests-Info.plist";
				PRODUCT_NAME = "$(TARGET_NAME)";
				TEST_HOST = "$(BUNDLE_LOADER)";
				WRAPPER_EXTENSION = xctest;
			};
			name = Debug;
		};
		1E95215819B8826500DCC1E7 /* Release */ = {
			isa = XCBuildConfiguration;
			buildSettings = {
				BUNDLE_LOADER = "$(BUILT_PRODUCTS_DIR)/Top Regions.app/Top Regions";
				FRAMEWORK_SEARCH_PATHS = (
					"$(SDKROOT)/Developer/Library/Frameworks",
					"$(inherited)",
					"$(DEVELOPER_FRAMEWORKS_DIR)",
				);
				GCC_PRECOMPILE_PREFIX_HEADER = YES;
				GCC_PREFIX_HEADER = "Top Regions/Top Regions-Prefix.pch";
				INFOPLIST_FILE = "Top RegionsTests/Top RegionsTests-Info.plist";
				PRODUCT_NAME = "$(TARGET_NAME)";
				TEST_HOST = "$(BUNDLE_LOADER)";
				WRAPPER_EXTENSION = xctest;
			};
			name = Release;
		};
/* End XCBuildConfiguration section */

/* Begin XCConfigurationList section */
		1E95211919B8826500DCC1E7 /* Build configuration list for PBXProject "Top Regions" */ = {
			isa = XCConfigurationList;
			buildConfigurations = (
				1E95215119B8826500DCC1E7 /* Debug */,
				1E95215219B8826500DCC1E7 /* Release */,
			);
			defaultConfigurationIsVisible = 0;
			defaultConfigurationName = Release;
		};
		1E95215319B8826500DCC1E7 /* Build configuration list for PBXNativeTarget "Top Regions" */ = {
			isa = XCConfigurationList;
			buildConfigurations = (
				1E95215419B8826500DCC1E7 /* Debug */,
				1E95215519B8826500DCC1E7 /* Release */,
			);
			defaultConfigurationIsVisible = 0;
		};
		1E95215619B8826500DCC1E7 /* Build configuration list for PBXNativeTarget "Top RegionsTests" */ = {
			isa = XCConfigurationList;
			buildConfigurations = (
				1E95215719B8826500DCC1E7 /* Debug */,
				1E95215819B8826500DCC1E7 /* Release */,
			);
			defaultConfigurationIsVisible = 0;
		};
/* End XCConfigurationList section */
	};
	rootObject = 1E95211619B8826500DCC1E7 /* Project object */;
}
